PODS:
  - APIKit (3.2.1):
    - Result (~> 3.0)
  - Realm (3.17.3):
    - Realm/Headers (= 3.17.3)
  - Realm/Headers (3.17.3)
  - RealmSwift (3.17.3):
    - Realm (= 3.17.3)
  - Result (3.2.4)
  - RxBlocking (4.5.0):
    - RxSwift (>= 4.4.2, ~> 4.4)
  - RxCocoa (4.5.0):
    - RxSwift (>= 4.4.2, ~> 4.4)
  - RxSwift (4.5.0)
  - RxTest (4.5.0):
    - RxSwift (>= 4.4.2, ~> 4.4)

DEPENDENCIES:
  - APIKit (~> 3.1)
  - RealmSwift
  - RxBlocking (~> 4)
  - RxCocoa (~> 4)
  - RxSwift (~> 4)
  - RxTest (~> 4)

SPEC REPOS:
  https://github.com/cocoapods/specs.git:
    - APIKit
    - Realm
    - RealmSwift
    - Result
    - RxBlocking
    - RxCocoa
    - RxSwift
    - RxTest

SPEC CHECKSUMS:
  APIKit: a39ff72ac44efc15513fd1b98800f63c525be61b
  Realm: 5a1d9d47bfc101dd597668b1a8af4288a2557f6d
  RealmSwift: b7fdc2d18616621c31df5c7a398a45a2163f8eb0
  Result: d2d07204ce72856f1fd9130bbe42c35a7b0fea10
  RxBlocking: 79413e4d916f44bb3e113c5b2cc059e36fe58910
  RxCocoa: cbf70265dc65a981d4ac982e513c10cf23df24a0
  RxSwift: f172070dfd1a93d70a9ab97a5a01166206e1c575
  RxTest: 3ccb66bfbace0bf7df1c43a7c75d046f8ce60372

PODFILE CHECKSUM: 355ab23e9976aa4b49ac5af64ab1c6733a844eaa

COCOAPODS: 1.7.5
